// !$*UTF8*$!
{
	archiveVersion = 1;
	classes = {
	};
	objectVersion = 46;
	objects = {

/* Begin PBXBuildFile section */
		8DC232353F0DEEDE4B8FFA54 /* libPods.a in Frameworks */ = {isa = PBXBuildFile; fileRef = 229C83C8E77AB1B357CDF8B1 /* libPods.a */; };
		DB18D93D1BA2506300B7A231 /* AppDelegate.swift in Sources */ = {isa = PBXBuildFile; fileRef = DB18D93C1BA2506300B7A231 /* AppDelegate.swift */; };
		DB18D9421BA2506300B7A231 /* Main.storyboard in Resources */ = {isa = PBXBuildFile; fileRef = DB18D9401BA2506300B7A231 /* Main.storyboard */; };
		DB18D9441BA2506300B7A231 /* Assets.xcassets in Resources */ = {isa = PBXBuildFile; fileRef = DB18D9431BA2506300B7A231 /* Assets.xcassets */; };
		DB18D9471BA2506300B7A231 /* LaunchScreen.storyboard in Resources */ = {isa = PBXBuildFile; fileRef = DB18D9451BA2506300B7A231 /* LaunchScreen.storyboard */; };
		DB18D9541BA250A300B7A231 /* ParallaxHeaderView.m in Sources */ = {isa = PBXBuildFile; fileRef = DB18D9531BA250A300B7A231 /* ParallaxHeaderView.m */; settings = {ASSET_TAGS = (); }; };
		DB18D9571BA252F300B7A231 /* TestTableViewController.swift in Sources */ = {isa = PBXBuildFile; fileRef = DB18D9561BA252F300B7A231 /* TestTableViewController.swift */; settings = {ASSET_TAGS = (); }; };
		DB55E7C61BA6DC73000FA648 /* podfile in Resources */ = {isa = PBXBuildFile; fileRef = DB55E7C51BA6DC73000FA648 /* podfile */; settings = {ASSET_TAGS = (); }; };
/* End PBXBuildFile section */

/* Begin PBXFileReference section */
		229C83C8E77AB1B357CDF8B1 /* libPods.a */ = {isa = PBXFileReference; explicitFileType = archive.ar; includeInIndex = 0; path = libPods.a; sourceTree = BUILT_PRODUCTS_DIR; };
		55140D6F3CF2633E9DEEF104 /* Pods.debug.xcconfig */ = {isa = PBXFileReference; includeInIndex = 1; lastKnownFileType = text.xcconfig; name = Pods.debug.xcconfig; path = "Pods/Target Support Files/Pods/Pods.debug.xcconfig"; sourceTree = "<group>"; };
		DB18D9391BA2506300B7A231 /* ParallaxDemo.app */ = {isa = PBXFileReference; explicitFileType = wrapper.application; includeInIndex = 0; path = ParallaxDemo.app; sourceTree = BUILT_PRODUCTS_DIR; };
		DB18D93C1BA2506300B7A231 /* AppDelegate.swift */ = {isa = PBXFileReference; lastKnownFileType = sourcecode.swift; path = AppDelegate.swift; sourceTree = "<group>"; };
		DB18D9411BA2506300B7A231 /* Base */ = {isa = PBXFileReference; lastKnownFileType = file.storyboard; name = Base; path = Base.lproj/Main.storyboard; sourceTree = "<group>"; };
		DB18D9431BA2506300B7A231 /* Assets.xcassets */ = {isa = PBXFileReference; lastKnownFileType = folder.assetcatalog; path = Assets.xcassets; sourceTree = "<group>"; };
		DB18D9461BA2506300B7A231 /* Base */ = {isa = PBXFileReference; lastKnownFileType = file.storyboard; name = Base; path = Base.lproj/LaunchScreen.storyboard; sourceTree = "<group>"; };
		DB18D9481BA2506300B7A231 /* Info.plist */ = {isa = PBXFileReference; lastKnownFileType = text.plist.xml; path = Info.plist; sourceTree = "<group>"; };
		DB18D9521BA250A300B7A231 /* ParallaxHeaderView.h */ = {isa = PBXFileReference; fileEncoding = 4; lastKnownFileType = sourcecode.c.h; path = ParallaxHeaderView.h; sourceTree = "<group>"; };
		DB18D9531BA250A300B7A231 /* ParallaxHeaderView.m */ = {isa = PBXFileReference; fileEncoding = 4; lastKnownFileType = sourcecode.c.objc; path = ParallaxHeaderView.m; sourceTree = "<group>"; };
		DB18D9551BA250C300B7A231 /* Bridging-Header.h */ = {isa = PBXFileReference; fileEncoding = 4; lastKnownFileType = sourcecode.c.h; path = "Bridging-Header.h"; sourceTree = "<group>"; };
		DB18D9561BA252F300B7A231 /* TestTableViewController.swift */ = {isa = PBXFileReference; fileEncoding = 4; lastKnownFileType = sourcecode.swift; path = TestTableViewController.swift; sourceTree = "<group>"; };
		DB55E7C51BA6DC73000FA648 /* podfile */ = {isa = PBXFileReference; fileEncoding = 4; lastKnownFileType = text; path = podfile; sourceTree = "<group>"; };
		F5C71FAFCD1E1EF2CD49027F /* Pods.release.xcconfig */ = {isa = PBXFileReference; includeInIndex = 1; lastKnownFileType = text.xcconfig; name = Pods.release.xcconfig; path = "Pods/Target Support Files/Pods/Pods.release.xcconfig"; sourceTree = "<group>"; };
/* End PBXFileReference section */

/* Begin PBXFrameworksBuildPhase section */
		DB18D9361BA2506300B7A231 /* Frameworks */ = {
			isa = PBXFrameworksBuildPhase;
			buildActionMask = 2147483647;
			files = (
				8DC232353F0DEEDE4B8FFA54 /* libPods.a in Frameworks */,
			);
			runOnlyForDeploymentPostprocessing = 0;
		};
/* End PBXFrameworksBuildPhase section */

/* Begin PBXGroup section */
		33BE57DD85F8E9CA393D04CA /* Pods */ = {
			isa = PBXGroup;
			children = (
				55140D6F3CF2633E9DEEF104 /* Pods.debug.xcconfig */,
				F5C71FAFCD1E1EF2CD49027F /* Pods.release.xcconfig */,
			);
			name = Pods;
			sourceTree = "<group>";
		};
		585AA2943310AEDC00347B24 /* Frameworks */ = {
			isa = PBXGroup;
			children = (
				229C83C8E77AB1B357CDF8B1 /* libPods.a */,
			);
			name = Frameworks;
			sourceTree = "<group>";
		};
		DB18D9301BA2506300B7A231 = {
			isa = PBXGroup;
			children = (
				DB55E7C51BA6DC73000FA648 /* podfile */,
				DB18D9551BA250C300B7A231 /* Bridging-Header.h */,
				DB18D93B1BA2506300B7A231 /* ParallaxDemo */,
				DB18D93A1BA2506300B7A231 /* Products */,
				33BE57DD85F8E9CA393D04CA /* Pods */,
				585AA2943310AEDC00347B24 /* Frameworks */,
			);
			sourceTree = "<group>";
		};
		DB18D93A1BA2506300B7A231 /* Products */ = {
			isa = PBXGroup;
			children = (
				DB18D9391BA2506300B7A231 /* ParallaxDemo.app */,
			);
			name = Products;
			sourceTree = "<group>";
		};
		DB18D93B1BA2506300B7A231 /* ParallaxDemo */ = {
			isa = PBXGroup;
			children = (
				DB18D9521BA250A300B7A231 /* ParallaxHeaderView.h */,
				DB18D9531BA250A300B7A231 /* ParallaxHeaderView.m */,
				DB18D93C1BA2506300B7A231 /* AppDelegate.swift */,
				DB18D9561BA252F300B7A231 /* TestTableViewController.swift */,
				DB18D9401BA2506300B7A231 /* Main.storyboard */,
				DB18D9431BA2506300B7A231 /* Assets.xcassets */,
				DB18D9451BA2506300B7A231 /* LaunchScreen.storyboard */,
				DB18D9481BA2506300B7A231 /* Info.plist */,
			);
			path = ParallaxDemo;
			sourceTree = "<group>";
		};
/* End PBXGroup section */

/* Begin PBXNativeTarget section */
		DB18D9381BA2506300B7A231 /* ParallaxDemo */ = {
			isa = PBXNativeTarget;
			buildConfigurationList = DB18D94B1BA2506300B7A231 /* Build configuration list for PBXNativeTarget "ParallaxDemo" */;
			buildPhases = (
				5B5DF0F2F7009526569100B9 /* Check Pods Manifest.lock */,
				DB18D9351BA2506300B7A231 /* Sources */,
				DB18D9361BA2506300B7A231 /* Frameworks */,
				DB18D9371BA2506300B7A231 /* Resources */,
				EA9DDD5FD4893CC0391A6671 /* Copy Pods Resources */,
			);
			buildRules = (
			);
			dependencies = (
			);
			name = ParallaxDemo;
			productName = ParallaxDemo;
			productReference = DB18D9391BA2506300B7A231 /* ParallaxDemo.app */;
			productType = "com.apple.product-type.application";
		};
/* End PBXNativeTarget section */

/* Begin PBXProject section */
		DB18D9311BA2506300B7A231 /* Project object */ = {
			isa = PBXProject;
			attributes = {
				LastUpgradeCheck = 0700;
				ORGANIZATIONNAME = NSNirvana;
				TargetAttributes = {
					DB18D9381BA2506300B7A231 = {
						CreatedOnToolsVersion = 7.0;
						DevelopmentTeam = QYV353CYL3;
					};
				};
			};
			buildConfigurationList = DB18D9341BA2506300B7A231 /* Build configuration list for PBXProject "ParallaxDemo" */;
			compatibilityVersion = "Xcode 3.2";
			developmentRegion = English;
			hasScannedForEncodings = 0;
			knownRegions = (
				en,
				Base,
			);
			mainGroup = DB18D9301BA2506300B7A231;
			productRefGroup = DB18D93A1BA2506300B7A231 /* Products */;
			projectDirPath = "";
			projectRoot = "";
			targets = (
				DB18D9381BA2506300B7A231 /* ParallaxDemo */,
			);
		};
/* End PBXProject section */

/* Begin PBXResourcesBuildPhase section */
		DB18D9371BA2506300B7A231 /* Resources */ = {
			isa = PBXResourcesBuildPhase;
			buildActionMask = 2147483647;
			files = (
				DB18D9471BA2506300B7A231 /* LaunchScreen.storyboard in Resources */,
				DB18D9441BA2506300B7A231 /* Assets.xcassets in Resources */,
				DB55E7C61BA6DC73000FA648 /* podfile in Resources */,
				DB18D9421BA2506300B7A231 /* Main.storyboard in Resources */,
			);
			runOnlyForDeploymentPostprocessing = 0;
		};
/* End PBXResourcesBuildPhase section */

/* Begin PBXShellScriptBuildPhase section */
		5B5DF0F2F7009526569100B9 /* Check Pods Manifest.lock */ = {
			isa = PBXShellScriptBuildPhase;
			buildActionMask = 2147483647;
			files = (
			);
			inputPaths = (
			);
			name = "Check Pods Manifest.lock";
			outputPaths = (
			);
			runOnlyForDeploymentPostprocessing = 0;
			shellPath = /bin/sh;
			shellScript = "diff \"${PODS_ROOT}/../Podfile.lock\" \"${PODS_ROOT}/Manifest.lock\" > /dev/null\nif [[ $? != 0 ]] ; then\n    cat << EOM\nerror: The sandbox is not in sync with the Podfile.lock. Run 'pod install' or update your CocoaPods installation.\nEOM\n    exit 1\nfi\n";
			showEnvVarsInLog = 0;
		};
		EA9DDD5FD4893CC0391A6671 /* Copy Pods Resources */ = {
			isa = PBXShellScriptBuildPhase;
			buildActionMask = 2147483647;
			files = (
			);
			inputPaths = (
			);
			name = "Copy Pods Resources";
			outputPaths = (
			);
			runOnlyForDeploymentPostprocessing = 0;
			shellPath = /bin/sh;
			shellScript = "\"${SRCROOT}/Pods/Target Support Files/Pods/Pods-resources.sh\"\n";
			showEnvVarsInLog = 0;
		};
/* End PBXShellScriptBuildPhase section */

/* Begin PBXSourcesBuildPhase section */
		DB18D9351BA2506300B7A231 /* Sources */ = {
			isa = PBXSourcesBuildPhase;
			buildActionMask = 2147483647;
			files = (
				DB18D9541BA250A300B7A231 /* ParallaxHeaderView.m in Sources */,
				DB18D93D1BA2506300B7A231 /* AppDelegate.swift in Sources */,
				DB18D9571BA252F300B7A231 /* TestTableViewController.swift in Sources */,
			);
			runOnlyForDeploymentPostprocessing = 0;
		};
/* End PBXSourcesBuildPhase section */

/* Begin PBXVariantGroup section */
		DB18D9401BA2506300B7A231 /* Main.storyboard */ = {
			isa = PBXVariantGroup;
			children = (
				DB18D9411BA2506300B7A231 /* Base */,
			);
			name = Main.storyboard;
			sourceTree = "<group>";
		};
		DB18D9451BA2506300B7A231 /* LaunchScreen.storyboard */ = {
			isa = PBXVariantGroup;
			children = (
				DB18D9461BA2506300B7A231 /* Base */,
			);
			name = LaunchScreen.storyboard;
			sourceTree = "<group>";
		};
/* End PBXVariantGroup section */

/* Begin XCBuildConfiguration section */
		DB18D9491BA2506300B7A231 /* Debug */ = {
			isa = XCBuildConfiguration;
			buildSettings = {
				ALWAYS_SEARCH_USER_PATHS = NO;
				CLANG_CXX_LANGUAGE_STANDARD = "gnu++0x";
				CLANG_CXX_LIBRARY = "libc++";
				CLANG_ENABLE_MODULES = YES;
				CLANG_ENABLE_OBJC_ARC = YES;
				CLANG_WARN_BOOL_CONVERSION = YES;
				CLANG_WARN_CONSTANT_CONVERSION = YES;
				CLANG_WARN_DIRECT_OBJC_ISA_USAGE = YES_ERROR;
				CLANG_WARN_EMPTY_BODY = YES;
				CLANG_WARN_ENUM_CONVERSION = YES;
				CLANG_WARN_INT_CONVERSION = YES;
				CLANG_WARN_OBJC_ROOT_CLASS = YES_ERROR;
				CLANG_WARN_UNREACHABLE_CODE = YES;
				CLANG_WARN__DUPLICATE_METHOD_MATCH = YES;
				"CODE_SIGN_IDENTITY[sdk=iphoneos*]" = "iPhone Developer";
				COPY_PHASE_STRIP = NO;
				DEBUG_INFORMATION_FORMAT = dwarf;
				ENABLE_STRICT_OBJC_MSGSEND = YES;
				ENABLE_TESTABILITY = YES;
				GCC_C_LANGUAGE_STANDARD = gnu99;
				GCC_DYNAMIC_NO_PIC = NO;
				GCC_NO_COMMON_BLOCKS = YES;
				GCC_OPTIMIZATION_LEVEL = 0;
				GCC_PREPROCESSOR_DEFINITIONS = (
					"DEBUG=1",
					"$(inherited)",
				);
				GCC_WARN_64_TO_32_BIT_CONVERSION = YES;
				GCC_WARN_ABOUT_RETURN_TYPE = YES_ERROR;
				GCC_WARN_UNDECLARED_SELECTOR = YES;
				GCC_WARN_UNINITIALIZED_AUTOS = YES_AGGRESSIVE;
				GCC_WARN_UNUSED_FUNCTION = YES;
				GCC_WARN_UNUSED_VARIABLE = YES;
				IPHONEOS_DEPLOYMENT_TARGET = 9.0;
				MTL_ENABLE_DEBUG_INFO = YES;
				ONLY_ACTIVE_ARCH = YES;
				SDKROOT = iphoneos;
				SWIFT_OPTIMIZATION_LEVEL = "-Onone";
			};
			name = Debug;
		};
		DB18D94A1BA2506300B7A231 /* Release */ = {
			isa = XCBuildConfiguration;
			buildSettings = {
				ALWAYS_SEARCH_USER_PATHS = NO;
				CLANG_CXX_LANGUAGE_STANDARD = "gnu++0x";
				CLANG_CXX_LIBRARY = "libc++";
				CLANG_ENABLE_MODULES = YES;
				CLANG_ENABLE_OBJC_ARC = YES;
				CLANG_WARN_BOOL_CONVERSION = YES;
				CLANG_WARN_CONSTANT_CONVERSION = YES;
				CLANG_WARN_DIRECT_OBJC_ISA_USAGE = YES_ERROR;
				CLANG_WARN_EMPTY_BODY = YES;
				CLANG_WARN_ENUM_CONVERSION = YES;
				CLANG_WARN_INT_CONVERSION = YES;
				CLANG_WARN_OBJC_ROOT_CLASS = YES_ERROR;
				CLANG_WARN_UNREACHABLE_CODE = YES;
				CLANG_WARN__DUPLICATE_METHOD_MATCH = YES;
				"CODE_SIGN_IDENTITY[sdk=iphoneos*]" = "iPhone Developer";
				COPY_PHASE_STRIP = NO;
				DEBUG_INFORMATION_FORMAT = "dwarf-with-dsym";
				ENABLE_NS_ASSERTIONS = NO;
				ENABLE_STRICT_OBJC_MSGSEND = YES;
				GCC_C_LANGUAGE_STANDARD = gnu99;
				GCC_NO_COMMON_BLOCKS = YES;
				GCC_WARN_64_TO_32_BIT_CONVERSION = YES;
				GCC_WARN_ABOUT_RETURN_TYPE = YES_ERROR;
				GCC_WARN_UNDECLARED_SELECTOR = YES;
				GCC_WARN_UNINITIALIZED_AUTOS = YES_AGGRESSIVE;
				GCC_WARN_UNUSED_FUNCTION = YES;
				GCC_WARN_UNUSED_VARIABLE = YES;
				IPHONEOS_DEPLOYMENT_TARGET = 9.0;
				MTL_ENABLE_DEBUG_INFO = NO;
				SDKROOT = iphoneos;
				VALIDATE_PRODUCT = YES;
			};
			name = Release;
		};
		DB18D94C1BA2506300B7A231 /* Debug */ = {
			isa = XCBuildConfiguration;
			baseConfigurationReference = 55140D6F3CF2633E9DEEF104 /* Pods.debug.xcconfig */;
			buildSettings = {
				ASSETCATALOG_COMPILER_APPICON_NAME = AppIcon;
				INFOPLIST_FILE = ParallaxDemo/Info.plist;
				LD_RUNPATH_SEARCH_PATHS = "$(inherited) @executable_path/Frameworks";
				PRODUCT_BUNDLE_IDENTIFIER = Azure.ParallaxDemo;
				PRODUCT_NAME = "$(TARGET_NAME)";
				SWIFT_OBJC_BRIDGING_HEADER = "Bridging-Header.h";
			};
			name = Debug;
		};
		DB18D94D1BA2506300B7A231 /* Release */ = {
			isa = XCBuildConfiguration;
			baseConfigurationReference = F5C71FAFCD1E1EF2CD49027F /* Pods.release.xcconfig */;
			buildSettings = {
				ASSETCATALOG_COMPILER_APPICON_NAME = AppIcon;
				INFOPLIST_FILE = ParallaxDemo/Info.plist;
				LD_RUNPATH_SEARCH_PATHS = "$(inherited) @executable_path/Frameworks";
				PRODUCT_BUNDLE_IDENTIFIER = Azure.ParallaxDemo;
				PRODUCT_NAME = "$(TARGET_NAME)";
				SWIFT_OBJC_BRIDGING_HEADER = "Bridging-Header.h";
			};
			name = Release;
		};
/* End XCBuildConfiguration section */

/* Begin XCConfigurationList section */
		DB18D9341BA2506300B7A231 /* Build configuration list for PBXProject "ParallaxDemo" */ = {
			isa = XCConfigurationList;
			buildConfigurations = (
				DB18D9491BA2506300B7A231 /* Debug */,
				DB18D94A1BA2506300B7A231 /* Release */,
			);
			defaultConfigurationIsVisible = 0;
			defaultConfigurationName = Release;
		};
		DB18D94B1BA2506300B7A231 /* Build configuration list for PBXNativeTarget "ParallaxDemo" */ = {
			isa = XCConfigurationList;
			buildConfigurations = (
				DB18D94C1BA2506300B7A231 /* Debug */,
				DB18D94D1BA2506300B7A231 /* Release */,
			);
			defaultConfigurationIsVisible = 0;
			defaultConfigurationName = Release;
		};
/* End XCConfigurationList section */
	};
	rootObject = DB18D9311BA2506300B7A231 /* Project object */;
}
